
Microsoft Visual Studio Solution File, Format Version 12.00
# Visual Studio Version 17
VisualStudioVersion = 17.11.35312.102
MinimumVisualStudioVersion = 10.0.40219.1
Project("{FAE04EC0-301F-11D3-BF4B-00C04F79EFBC}") = "TodoApp.Server", "TodoApp.Server\TodoApp.Server.csproj", "{E7DA4EFE-73DF-4A6A-9BF7-F357F179C95E}"
EndProject
Project("{54A90642-561A-4BB1-A94E-469ADEE60C69}") = "todoapp.client", "todoapp.client\todoapp.client.esproj", "{4DBC88AC-D25B-445C-8B3B-79E8EBA344C8}"
EndProject
Project("{FAE04EC0-301F-11D3-BF4B-00C04F79EFBC}") = "TodoApp.Server.Test", "TodoApp.Server.Test\TodoApp.Server.Test.csproj", "{3CA09518-FCB5-4EE0-9ABB-8E98A9C6FAEC}"
EndProject
Global
	GlobalSection(SolutionConfigurationPlatforms) = preSolution
		Debug|Any CPU = Debug|Any CPU
		Release|Any CPU = Release|Any CPU
	EndGlobalSection
	GlobalSection(ProjectConfigurationPlatforms) = postSolution
		{E7DA4EFE-73DF-4A6A-9BF7-F357F179C95E}.Debug|Any CPU.ActiveCfg = Debug|Any CPU
		{E7DA4EFE-73DF-4A6A-9BF7-F357F179C95E}.Debug|Any CPU.Build.0 = Debug|Any CPU
		{E7DA4EFE-73DF-4A6A-9BF7-F357F179C95E}.Release|Any CPU.ActiveCfg = Release|Any CPU
		{E7DA4EFE-73DF-4A6A-9BF7-F357F179C95E}.Release|Any CPU.Build.0 = Release|Any CPU
		{4DBC88AC-D25B-445C-8B3B-79E8EBA344C8}.Debug|Any CPU.ActiveCfg = Debug|Any CPU
		{4DBC88AC-D25B-445C-8B3B-79E8EBA344C8}.Debug|Any CPU.Build.0 = Debug|Any CPU
		{4DBC88AC-D25B-445C-8B3B-79E8EBA344C8}.Debug|Any CPU.Deploy.0 = Debug|Any CPU
		{4DBC88AC-D25B-445C-8B3B-79E8EBA344C8}.Release|Any CPU.ActiveCfg = Release|Any CPU
		{4DBC88AC-D25B-445C-8B3B-79E8EBA344C8}.Release|Any CPU.Build.0 = Release|Any CPU
		{4DBC88AC-D25B-445C-8B3B-79E8EBA344C8}.Release|Any CPU.Deploy.0 = Release|Any CPU
		{3CA09518-FCB5-4EE0-9ABB-8E98A9C6FAEC}.Debug|Any CPU.ActiveCfg = Debug|Any CPU
		{3CA09518-FCB5-4EE0-9ABB-8E98A9C6FAEC}.Debug|Any CPU.Build.0 = Debug|Any CPU
		{3CA09518-FCB5-4EE0-9ABB-8E98A9C6FAEC}.Release|Any CPU.ActiveCfg = Release|Any CPU
		{3CA09518-FCB5-4EE0-9ABB-8E98A9C6FAEC}.Release|Any CPU.Build.0 = Release|Any CPU
	EndGlobalSection
	GlobalSection(SolutionProperties) = preSolution
		HideSolutionNode = FALSE
	EndGlobalSection
	GlobalSection(ExtensibilityGlobals) = postSolution
		SolutionGuid = {9E913BC0-2D93-4581-9AD9-B7F14B263653}
	EndGlobalSection
EndGlobal
